
Microsoft Visual Studio Solution File, Format Version 12.00
# Visual Studio 15
VisualStudioVersion = 15.0.27703.2042
MinimumVisualStudioVersion = 10.0.40219.1
Project("{FAE04EC0-301F-11D3-BF4B-00C04F79EFBC}") = "Watson", "Watson\Watson.csproj", "{9CA5D2B3-32F1-4A0C-A139-203492D6301C}"
EndProject
Global
	GlobalSection(SolutionConfigurationPlatforms) = preSolution
		Debug|Any CPU = Debug|Any CPU
		Release|Any CPU = Release|Any CPU
	EndGlobalSection
	GlobalSection(ProjectConfigurationPlatforms) = postSolution
		{9CA5D2B3-32F1-4A0C-A139-203492D6301C}.Debug|Any CPU.ActiveCfg = Debug|Any CPU
		{9CA5D2B3-32F1-4A0C-A139-203492D6301C}.Debug|Any CPU.Build.0 = Debug|Any CPU
		{9CA5D2B3-32F1-4A0C-A139-203492D6301C}.Release|Any CPU.ActiveCfg = Release|Any CPU
		{9CA5D2B3-32F1-4A0C-A139-203492D6301C}.Release|Any CPU.Build.0 = Release|Any CPU
	EndGlobalSection
	GlobalSection(SolutionProperties) = preSolution
		HideSolutionNode = FALSE
	EndGlobalSection
	GlobalSection(ExtensibilityGlobals) = postSolution
		SolutionGuid = {8BF6BFB8-9096-4CD4-AB39-B420C3893A32}
	EndGlobalSection
EndGlobal
